{
  "name": "website",
  "version": "0.0.0",
  "lockfileVersion": 1,
  "requires": true,
  "dependencies": {
    "@babel/helper-validator-identifier": {
      "version": "7.14.5",
      "resolved": "https://registry.npmjs.org/@babel/helper-validator-identifier/-/helper-validator-identifier-7.14.5.tgz",
      "integrity": "sha512-5lsetuxCLilmVGyiLEfoHBRX8UCFD+1m2x3Rj97WrW3V7H3u4RWRXA4evMjImCsin2J2YT0QaVDGf+z8ondbAg=="
    },
    "@babel/parser": {
      "version": "7.14.7",
      "resolved": "https://registry.npmjs.org/@babel/parser/-/parser-7.14.7.tgz",
      "integrity": "sha512-X67Z5y+VBJuHB/RjwECp8kSl5uYi0BvRbNeWqkaJCVh+LiTPl19WBUfG627psSgp9rSf6ojuXghQM3ha6qHHdA=="
    },
    "@babel/types": {
      "version": "7.14.5",
      "resolved": "https://registry.npmjs.org/@babel/types/-/types-7.14.5.tgz",
      "integrity": "sha512-M/NzBpEL95I5Hh4dwhin5JlE7EzO5PHMAuzjxss3tiOBD46KfQvVedN/3jEPZvdRvtsK2222XfdHogNIttFgcg==",
      "requires": {
        "@babel/helper-validator-identifier": "^7.14.5",
        "to-fast-properties": "^2.0.0"
      }
    },
    "accepts": {
      "version": "1.3.7",
      "resolved": "https://registry.npmjs.org/accepts/-/accepts-1.3.7.tgz",
      "integrity": "sha512-Il80Qs2WjYlJIBNzNkK6KYqlVMTbZLXgHx2oT0pU/fjRHyEp+PEfEPY0R3WCwAGVOtauxh1hOxNgIf5bv7dQpA==",
      "requires": {
        "mime-types": "~2.1.24",
        "negotiator": "0.6.2"
      }
    },
    "acorn": {
      "version": "2.7.0",
      "resolved": "https://registry.npmjs.org/acorn/-/acorn-2.7.0.tgz",
      "integrity": "sha1-q259nYhqrKiwhbwzEreaGYQz8Oc="
    },
    "acorn-globals": {
      "version": "1.0.9",
      "resolved": "https://registry.npmjs.org/acorn-globals/-/acorn-globals-1.0.9.tgz",
      "integrity": "sha1-VbtemGkVB7dFedBRNBMhfDgMVM8=",
      "requires": {
        "acorn": "^2.1.0"
      }
    },
    "align-text": {
      "version": "0.1.4",
      "resolved": "https://registry.npmjs.org/align-text/-/align-text-0.1.4.tgz",
      "integrity": "sha1-DNkKVhCT810KmSVsIrcGlDP60Rc=",
      "requires": {
        "kind-of": "^3.0.2",
        "longest": "^1.0.1",
        "repeat-string": "^1.5.2"
      }
    },
    "amdefine": {
      "version": "1.0.1",
      "resolved": "https://registry.npmjs.org/amdefine/-/amdefine-1.0.1.tgz",
      "integrity": "sha1-SlKCrBZHKek2Gbz9OtFR+BfOkfU="
    },
    "array-flatten": {
      "version": "1.1.1",
      "resolved": "https://registry.npmjs.org/array-flatten/-/array-flatten-1.1.1.tgz",
      "integrity": "sha1-ml9pkFGx5wczKPKgCJaLZOopVdI="
    },
    "asap": {
      "version": "1.0.0",
      "resolved": "https://registry.npmjs.org/asap/-/asap-1.0.0.tgz",
      "integrity": "sha1-sqRdpf36ILBJb8N2jMJ8EvqRan0="
    },
    "assert-never": {
      "version": "1.2.1",
      "resolved": "https://registry.npmjs.org/assert-never/-/assert-never-1.2.1.tgz",
      "integrity": "sha512-TaTivMB6pYI1kXwrFlEhLeGfOqoDNdTxjCdwRfFFkEA30Eu+k48W34nlok2EYWJfFFzqaEmichdNM7th6M5HNw=="
    },
    "babel-walk": {
      "version": "3.0.0-canary-5",
      "resolved": "https://registry.npmjs.org/babel-walk/-/babel-walk-3.0.0-canary-5.tgz",
      "integrity": "sha512-GAwkz0AihzY5bkwIY5QDR+LvsRQgB/B+1foMPvi0FZPMl5fjD7ICiznUiBdLYMH1QYe6vqu4gWYytZOccLouFw==",
      "requires": {
        "@babel/types": "^7.9.6"
      }
    },
    "body-parser": {
      "version": "1.18.3",
      "resolved": "https://registry.npmjs.org/body-parser/-/body-parser-1.18.3.tgz",
      "integrity": "sha1-WykhmP/dVTs6DyDe0FkrlWlVyLQ=",
      "requires": {
        "bytes": "3.0.0",
        "content-type": "~1.0.4",
        "debug": "2.6.9",
        "depd": "~1.1.2",
        "http-errors": "~1.6.3",
        "iconv-lite": "0.4.23",
        "on-finished": "~2.3.0",
        "qs": "6.5.2",
        "raw-body": "2.3.3",
        "type-is": "~1.6.16"
      }
    },
    "bytes": {
      "version": "3.0.0",
      "resolved": "https://registry.npmjs.org/bytes/-/bytes-3.0.0.tgz",
      "integrity": "sha1-0ygVQE1olpn4Wk6k+odV3ROpYEg="
    },
    "call-bind": {
      "version": "1.0.2",
      "resolved": "https://registry.npmjs.org/call-bind/-/call-bind-1.0.2.tgz",
      "integrity": "sha512-7O+FbCihrB5WGbFYesctwmTKae6rOiIzmz1icreWJ+0aA7LJfuqhEso2T9ncpcFtzMQtzXf2QGGueWJGTYsqrA==",
      "requires": {
        "function-bind": "^1.1.1",
        "get-intrinsic": "^1.0.2"
      }
    },
    "camelcase": {
      "version": "1.2.1",
      "resolved": "https://registry.npmjs.org/camelcase/-/camelcase-1.2.1.tgz",
      "integrity": "sha1-m7UwTS4LVmmLLHWLCKPqqdqlijk="
    },
    "center-align": {
      "version": "0.1.3",
      "resolved": "https://registry.npmjs.org/center-align/-/center-align-0.1.3.tgz",
      "integrity": "sha1-qg0yYptu6XIgBBHL1EYckHvCt60=",
      "requires": {
        "align-text": "^0.1.3",
        "lazy-cache": "^1.0.3"
      }
    },
    "character-parser": {
      "version": "1.2.1",
      "resolved": "https://registry.npmjs.org/character-parser/-/character-parser-1.2.1.tgz",
      "integrity": "sha1-wN3kqxgnE7kZuXCVmhI+zBow/NY="
    },
    "clean-css": {
      "version": "3.4.28",
      "resolved": "https://registry.npmjs.org/clean-css/-/clean-css-3.4.28.tgz",
      "integrity": "sha1-vxlF6C/ICPVWlebd6uwBQA79A/8=",
      "requires": {
        "commander": "2.8.x",
        "source-map": "0.4.x"
      },
      "dependencies": {
        "commander": {
          "version": "2.8.1",
          "resolved": "https://registry.npmjs.org/commander/-/commander-2.8.1.tgz",
          "integrity": "sha1-Br42f+v9oMMwqh4qBy09yXYkJdQ=",
          "requires": {
            "graceful-readlink": ">= 1.0.0"
          }
        }
      }
    },
    "cliui": {
      "version": "2.1.0",
      "resolved": "https://registry.npmjs.org/cliui/-/cliui-2.1.0.tgz",
      "integrity": "sha1-S0dXYP+AJkx2LDoXGQMukcf+oNE=",
      "requires": {
        "center-align": "^0.1.1",
        "right-align": "^0.1.1",
        "wordwrap": "0.0.2"
      },
      "dependencies": {
        "wordwrap": {
          "version": "0.0.2",
          "resolved": "https://registry.npmjs.org/wordwrap/-/wordwrap-0.0.2.tgz",
          "integrity": "sha1-t5Zpu0LstAn4PVg8rVLKF+qhZD8="
        }
      }
    },
    "commander": {
      "version": "2.6.0",
      "resolved": "https://registry.npmjs.org/commander/-/commander-2.6.0.tgz",
      "integrity": "sha1-nfflL7Kgyw+4kFjugMMQQiXzfh0="
    },
    "constantinople": {
      "version": "3.0.2",
      "resolved": "https://registry.npmjs.org/constantinople/-/constantinople-3.0.2.tgz",
      "integrity": "sha1-S5RdmTeQe82Y7ldRIsOBdRZUQUE=",
      "requires": {
        "acorn": "^2.1.0"
      }
    },
    "content-disposition": {
      "version": "0.5.2",
      "resolved": "https://registry.npmjs.org/content-disposition/-/content-disposition-0.5.2.tgz",
      "integrity": "sha1-DPaLud318r55YcOoUXjLhdunjLQ="
    },
    "content-type": {
      "version": "1.0.4",
      "resolved": "https://registry.npmjs.org/content-type/-/content-type-1.0.4.tgz",
      "integrity": "sha512-hIP3EEPs8tB9AT1L+NUqtwOAps4mk2Zob89MWXMHjHWg9milF/j4osnnQLXBCBFBk/tvIG/tUc9mOUJiPBhPXA=="
    },
    "cookie": {
      "version": "0.3.1",
      "resolved": "https://registry.npmjs.org/cookie/-/cookie-0.3.1.tgz",
      "integrity": "sha1-5+Ch+e9DtMi6klxcWpboBtFoc7s="
    },
    "cookie-signature": {
      "version": "1.0.6",
      "resolved": "https://registry.npmjs.org/cookie-signature/-/cookie-signature-1.0.6.tgz",
      "integrity": "sha1-4wOogrNCzD7oylE6eZmXNNqzriw="
    },
    "css": {
      "version": "1.0.8",
      "resolved": "https://registry.npmjs.org/css/-/css-1.0.8.tgz",
      "integrity": "sha1-k4aBHKgrzMnuf7WnMrHioxfIo+c=",
      "requires": {
        "css-parse": "1.0.4",
        "css-stringify": "1.0.5"
      }
    },
    "css-parse": {
      "version": "1.0.4",
      "resolved": "https://registry.npmjs.org/css-parse/-/css-parse-1.0.4.tgz",
      "integrity": "sha1-OLBQP7+dqfVOnB29pg4UXHcRe90="
    },
    "css-stringify": {
      "version": "1.0.5",
      "resolved": "https://registry.npmjs.org/css-stringify/-/css-stringify-1.0.5.tgz",
      "integrity": "sha1-sNBClG2ylTu50pKQCmy19tASIDE="
    },
    "debug": {
      "version": "2.6.9",
      "resolved": "https://registry.npmjs.org/debug/-/debug-2.6.9.tgz",
      "integrity": "sha512-bC7ElrdJaJnPbAP+1EotYvqZsb3ecl5wi6Bfi6BJTUcNowp6cvspg0jXznRTKDjm/E7AdgFBVeAPVMNcKGsHMA==",
      "requires": {
        "ms": "2.0.0"
      }
    },
    "decamelize": {
      "version": "1.2.0",
      "resolved": "https://registry.npmjs.org/decamelize/-/decamelize-1.2.0.tgz",
      "integrity": "sha1-9lNNFRSCabIDUue+4m9QH5oZEpA="
    },
    "depd": {
      "version": "1.1.2",
      "resolved": "https://registry.npmjs.org/depd/-/depd-1.1.2.tgz",
      "integrity": "sha1-m81S4UwJd2PnSbJ0xDRu0uVgtak="
    },
    "destroy": {
      "version": "1.0.4",
      "resolved": "https://registry.npmjs.org/destroy/-/destroy-1.0.4.tgz",
      "integrity": "sha1-l4hXRCxEdJ5CBmE+N5RiBYJqvYA="
    },
    "doctypes": {
      "version": "1.1.0",
      "resolved": "https://registry.npmjs.org/doctypes/-/doctypes-1.1.0.tgz",
      "integrity": "sha1-6oCxBqh1OHdOijpKWv4pPeSJ4Kk="
    },
    "ee-first": {
      "version": "1.1.1",
      "resolved": "https://registry.npmjs.org/ee-first/-/ee-first-1.1.1.tgz",
      "integrity": "sha1-WQxhFWsK4vTwJVcyoViyZrxWsh0="
    },
    "encodeurl": {
      "version": "1.0.2",
      "resolved": "https://registry.npmjs.org/encodeurl/-/encodeurl-1.0.2.tgz",
      "integrity": "sha1-rT/0yG7C0CkyL1oCw6mmBslbP1k="
    },
    "escape-html": {
      "version": "1.0.3",
      "resolved": "https://registry.npmjs.org/escape-html/-/escape-html-1.0.3.tgz",
      "integrity": "sha1-Aljq5NPQwJdN4cFpGI7wBR0dGYg="
    },
    "etag": {
      "version": "1.8.1",
      "resolved": "https://registry.npmjs.org/etag/-/etag-1.8.1.tgz",
      "integrity": "sha1-Qa4u62XvpiJorr/qg6x9eSmbCIc="
    },
    "express": {
      "version": "4.16.4",
      "resolved": "https://registry.npmjs.org/express/-/express-4.16.4.tgz",
      "integrity": "sha512-j12Uuyb4FMrd/qQAm6uCHAkPtO8FDTRJZBDd5D2KOL2eLaz1yUNdUB/NOIyq0iU4q4cFarsUCrnFDPBcnksuOg==",
      "requires": {
        "accepts": "~1.3.5",
        "array-flatten": "1.1.1",
        "body-parser": "1.18.3",
        "content-disposition": "0.5.2",
        "content-type": "~1.0.4",
        "cookie": "0.3.1",
        "cookie-signature": "1.0.6",
        "debug": "2.6.9",
        "depd": "~1.1.2",
        "encodeurl": "~1.0.2",
        "escape-html": "~1.0.3",
        "etag": "~1.8.1",
        "finalhandler": "1.1.1",
        "fresh": "0.5.2",
        "merge-descriptors": "1.0.1",
        "methods": "~1.1.2",
        "on-finished": "~2.3.0",
        "parseurl": "~1.3.2",
        "path-to-regexp": "0.1.7",
        "proxy-addr": "~2.0.4",
        "qs": "6.5.2",
        "range-parser": "~1.2.0",
        "safe-buffer": "5.1.2",
        "send": "0.16.2",
        "serve-static": "1.13.2",
        "setprototypeof": "1.1.0",
        "statuses": "~1.4.0",
        "type-is": "~1.6.16",
        "utils-merge": "1.0.1",
        "vary": "~1.1.2"
      }
    },
    "finalhandler": {
      "version": "1.1.1",
      "resolved": "https://registry.npmjs.org/finalhandler/-/finalhandler-1.1.1.tgz",
      "integrity": "sha512-Y1GUDo39ez4aHAw7MysnUD5JzYX+WaIj8I57kO3aEPT1fFRL4sr7mjei97FgnwhAyyzRYmQZaTHb2+9uZ1dPtg==",
      "requires": {
        "debug": "2.6.9",
        "encodeurl": "~1.0.2",
        "escape-html": "~1.0.3",
        "on-finished": "~2.3.0",
        "parseurl": "~1.3.2",
        "statuses": "~1.4.0",
        "unpipe": "~1.0.0"
      }
    },
    "forwarded": {
      "version": "0.2.0",
      "resolved": "https://registry.npmjs.org/forwarded/-/forwarded-0.2.0.tgz",
      "integrity": "sha512-buRG0fpBtRHSTCOASe6hD258tEubFoRLb4ZNA6NxMVHNw2gOcwHo9wyablzMzOA5z9xA9L1KNjk/Nt6MT9aYow=="
    },
    "fresh": {
      "version": "0.5.2",
      "resolved": "https://registry.npmjs.org/fresh/-/fresh-0.5.2.tgz",
      "integrity": "sha1-PYyt2Q2XZWn6g1qx+OSyOhBWBac="
    },
    "function-bind": {
      "version": "1.1.1",
      "resolved": "https://registry.npmjs.org/function-bind/-/function-bind-1.1.1.tgz",
      "integrity": "sha512-yIovAzMX49sF8Yl58fSCWJ5svSLuaibPxXQJFLmBObTuCr0Mf1KiPopGM9NiFjiYBCbfaa2Fh6breQ6ANVTI0A=="
    },
    "get-intrinsic": {
      "version": "1.1.1",
      "resolved": "https://registry.npmjs.org/get-intrinsic/-/get-intrinsic-1.1.1.tgz",
      "integrity": "sha512-kWZrnVM42QCiEA2Ig1bG8zjoIMOgxWwYCEeNdwY6Tv/cOSeGpcoX4pXHfKUxNKVoArnrEr2e9srnAxxGIraS9Q==",
      "requires": {
        "function-bind": "^1.1.1",
        "has": "^1.0.3",
        "has-symbols": "^1.0.1"
      }
    },
    "graceful-readlink": {
      "version": "1.0.1",
      "resolved": "https://registry.npmjs.org/graceful-readlink/-/graceful-readlink-1.0.1.tgz",
      "integrity": "sha1-TK+tdrxi8C+gObL5Tpo906ORpyU="
    },
    "has": {
      "version": "1.0.3",
      "resolved": "https://registry.npmjs.org/has/-/has-1.0.3.tgz",
      "integrity": "sha512-f2dvO0VU6Oej7RkWJGrehjbzMAjFp5/VKPp5tTpWIV4JHHZK1/BxbFRtf/siA2SWTe09caDmVtYYzWEIbBS4zw==",
      "requires": {
        "function-bind": "^1.1.1"
      }
    },
    "has-symbols": {
      "version": "1.0.2",
      "resolved": "https://registry.npmjs.org/has-symbols/-/has-symbols-1.0.2.tgz",
      "integrity": "sha512-chXa79rL/UC2KlX17jo3vRGz0azaWEx5tGqZg5pO3NUyEJVB17dMruQlzCCOfUvElghKcm5194+BCRvi2Rv/Gw=="
    },
    "http-errors": {
      "version": "1.6.3",
      "resolved": "https://registry.npmjs.org/http-errors/-/http-errors-1.6.3.tgz",
      "integrity": "sha1-i1VoC7S+KDoLW/TqLjhYC+HZMg0=",
      "requires": {
        "depd": "~1.1.2",
        "inherits": "2.0.3",
        "setprototypeof": "1.1.0",
        "statuses": ">= 1.4.0 < 2"
      }
    },
    "iconv-lite": {
      "version": "0.4.23",
      "resolved": "https://registry.npmjs.org/iconv-lite/-/iconv-lite-0.4.23.tgz",
      "integrity": "sha512-neyTUVFtahjf0mB3dZT77u+8O0QB89jFdnBkd5P1JgYPbPaia3gXXOVL2fq8VyU2gMMD7SaN7QukTB/pmXYvDA==",
      "requires": {
        "safer-buffer": ">= 2.1.2 < 3"
      }
    },
    "inherits": {
      "version": "2.0.3",
      "resolved": "https://registry.npmjs.org/inherits/-/inherits-2.0.3.tgz",
      "integrity": "sha1-Yzwsg+PaQqUC9SRmAiSA9CCCYd4="
    },
    "ipaddr.js": {
      "version": "1.9.1",
      "resolved": "https://registry.npmjs.org/ipaddr.js/-/ipaddr.js-1.9.1.tgz",
      "integrity": "sha512-0KI/607xoxSToH7GjN1FfSbLoU0+btTicjsQSWQlh/hZykN8KpmMf7uYwPW3R+akZ6R/w18ZlXSHBYXiYUPO3g=="
    },
    "is-buffer": {
      "version": "1.1.6",
      "resolved": "https://registry.npmjs.org/is-buffer/-/is-buffer-1.1.6.tgz",
      "integrity": "sha512-NcdALwpXkTm5Zvvbk7owOUSvVvBKDgKP5/ewfXEznmQFfs4ZRmanOeKBTjRVjka3QFoN6XJ+9F3USqfHqTaU5w=="
    },
    "is-core-module": {
      "version": "2.4.0",
      "resolved": "https://registry.npmjs.org/is-core-module/-/is-core-module-2.4.0.tgz",
      "integrity": "sha512-6A2fkfq1rfeQZjxrZJGerpLCTHRNEBiSgnu0+obeJpEPZRUooHgsizvzv0ZjJwOz3iWIHdJtVWJ/tmPr3D21/A==",
      "requires": {
        "has": "^1.0.3"
      }
    },
    "is-expression": {
      "version": "4.0.0",
      "resolved": "https://registry.npmjs.org/is-expression/-/is-expression-4.0.0.tgz",
      "integrity": "sha512-zMIXX63sxzG3XrkHkrAPvm/OVZVSCPNkwMHU8oTX7/U3AL78I0QXCEICXUM13BIa8TYGZ68PiTKfQz3yaTNr4A==",
      "requires": {
        "acorn": "^7.1.1",
        "object-assign": "^4.1.1"
      },
      "dependencies": {
        "acorn": {
          "version": "7.4.1",
          "resolved": "https://registry.npmjs.org/acorn/-/acorn-7.4.1.tgz",
          "integrity": "sha512-nQyp0o1/mNdbTO1PO6kHkwSrmgZ0MT/jCCpNiwbUjGoRN4dlBhqJtoQuCnEOKzgTVwg0ZWiCoQy6SxMebQVh8A=="
        }
      }
    },
    "is-promise": {
      "version": "2.2.2",
      "resolved": "https://registry.npmjs.org/is-promise/-/is-promise-2.2.2.tgz",
      "integrity": "sha512-+lP4/6lKUBfQjZ2pdxThZvLUAafmZb8OAxFb8XXtiQmS35INgr85hdOGoEs124ez1FCnZJt6jau/T+alh58QFQ=="
    },
    "is-regex": {
      "version": "1.1.3",
      "resolved": "https://registry.npmjs.org/is-regex/-/is-regex-1.1.3.tgz",
      "integrity": "sha512-qSVXFz28HM7y+IWX6vLCsexdlvzT1PJNFSBuaQLQ5o0IEw8UDYW6/2+eCMVyIsbM8CNLX2a/QWmSpyxYEHY7CQ==",
      "requires": {
        "call-bind": "^1.0.2",
        "has-symbols": "^1.0.2"
      }
    },
    "jade": {
      "version": "1.11.0",
      "resolved": "https://registry.npmjs.org/jade/-/jade-1.11.0.tgz",
      "integrity": "sha1-nIDlOMEtP7lcjZu5VZ+gzAQEBf0=",
      "requires": {
        "character-parser": "1.2.1",
        "clean-css": "^3.1.9",
        "commander": "~2.6.0",
        "constantinople": "~3.0.1",
        "jstransformer": "0.0.2",
        "mkdirp": "~0.5.0",
        "transformers": "2.1.0",
        "uglify-js": "^2.4.19",
        "void-elements": "~2.0.1",
        "with": "~4.0.0"
      }
    },
    "js-stringify": {
      "version": "1.0.2",
      "resolved": "https://registry.npmjs.org/js-stringify/-/js-stringify-1.0.2.tgz",
      "integrity": "sha1-Fzb939lyTyijaCrcYjCufk6Weds="
    },
    "jstransformer": {
      "version": "0.0.2",
      "resolved": "https://registry.npmjs.org/jstransformer/-/jstransformer-0.0.2.tgz",
      "integrity": "sha1-eq4pqQPRls+glz2IXT5HlH7Ndqs=",
      "requires": {
        "is-promise": "^2.0.0",
        "promise": "^6.0.1"
      }
    },
    "kind-of": {
      "version": "3.2.2",
      "resolved": "https://registry.npmjs.org/kind-of/-/kind-of-3.2.2.tgz",
      "integrity": "sha1-MeohpzS6ubuw8yRm2JOupR5KPGQ=",
      "requires": {
        "is-buffer": "^1.1.5"
      }
    },
    "lazy-cache": {
      "version": "1.0.4",
      "resolved": "https://registry.npmjs.org/lazy-cache/-/lazy-cache-1.0.4.tgz",
      "integrity": "sha1-odePw6UEdMuAhF07O24dpJpEbo4="
    },
    "longest": {
      "version": "1.0.1",
      "resolved": "https://registry.npmjs.org/longest/-/longest-1.0.1.tgz",
      "integrity": "sha1-MKCy2jj3N3DoKUoNIuZiXtd9AJc="
    },
    "media-typer": {
      "version": "0.3.0",
      "resolved": "https://registry.npmjs.org/media-typer/-/media-typer-0.3.0.tgz",
      "integrity": "sha1-hxDXrwqmJvj/+hzgAWhUUmMlV0g="
    },
    "merge-descriptors": {
      "version": "1.0.1",
      "resolved": "https://registry.npmjs.org/merge-descriptors/-/merge-descriptors-1.0.1.tgz",
      "integrity": "sha1-sAqqVW3YtEVoFQ7J0blT8/kMu2E="
    },
    "methods": {
      "version": "1.1.2",
      "resolved": "https://registry.npmjs.org/methods/-/methods-1.1.2.tgz",
      "integrity": "sha1-VSmk1nZUE07cxSZmVoNbD4Ua/O4="
    },
    "mime": {
      "version": "1.4.1",
      "resolved": "https://registry.npmjs.org/mime/-/mime-1.4.1.tgz",
      "integrity": "sha512-KI1+qOZu5DcW6wayYHSzR/tXKCDC5Om4s1z2QJjDULzLcmf3DvzS7oluY4HCTrc+9FiKmWUgeNLg7W3uIQvxtQ=="
    },
    "mime-db": {
      "version": "1.48.0",
      "resolved": "https://registry.npmjs.org/mime-db/-/mime-db-1.48.0.tgz",
      "integrity": "sha512-FM3QwxV+TnZYQ2aRqhlKBMHxk10lTbMt3bBkMAp54ddrNeVSfcQYOOKuGuy3Ddrm38I04If834fOUSq1yzslJQ=="
    },
    "mime-types": {
      "version": "2.1.31",
      "resolved": "https://registry.npmjs.org/mime-types/-/mime-types-2.1.31.tgz",
      "integrity": "sha512-XGZnNzm3QvgKxa8dpzyhFTHmpP3l5YNusmne07VUOXxou9CqUqYa/HBy124RqtVh/O2pECas/MOcsDgpilPOPg==",
      "requires": {
        "mime-db": "1.48.0"
      }
    },
    "minimist": {
      "version": "1.2.5",
      "resolved": "https://registry.npmjs.org/minimist/-/minimist-1.2.5.tgz",
      "integrity": "sha512-FM9nNUYrRBAELZQT3xeZQ7fmMOBg6nWNmJKTcgsJeaLstP/UODVpGsr5OhXhhXg6f+qtJ8uiZ+PUxkDWcgIXLw=="
    },
    "mkdirp": {
      "version": "0.5.5",
      "resolved": "https://registry.npmjs.org/mkdirp/-/mkdirp-0.5.5.tgz",
      "integrity": "sha512-NKmAlESf6jMGym1++R0Ra7wvhV+wFW63FaSOFPwRahvea0gMUcGUhVeAg/0BC0wiv9ih5NYPB1Wn1UEI1/L+xQ==",
      "requires": {
        "minimist": "^1.2.5"
      }
    },
    "ms": {
      "version": "2.0.0",
      "resolved": "https://registry.npmjs.org/ms/-/ms-2.0.0.tgz",
      "integrity": "sha1-VgiurfwAvmwpAd9fmGF4jeDVl8g="
    },
    "negotiator": {
      "version": "0.6.2",
      "resolved": "https://registry.npmjs.org/negotiator/-/negotiator-0.6.2.tgz",
      "integrity": "sha512-hZXc7K2e+PgeI1eDBe/10Ard4ekbfrrqG8Ep+8Jmf4JID2bNg7NvCPOZN+kfF574pFQI7mum2AUqDidoKqcTOw=="
    },
    "object-assign": {
      "version": "4.1.1",
      "resolved": "https://registry.npmjs.org/object-assign/-/object-assign-4.1.1.tgz",
      "integrity": "sha1-IQmtx5ZYh8/AXLvUQsrIv7s2CGM="
    },
    "on-finished": {
      "version": "2.3.0",
      "resolved": "https://registry.npmjs.org/on-finished/-/on-finished-2.3.0.tgz",
      "integrity": "sha1-IPEzZIGwg811M3mSoWlxqi2QaUc=",
      "requires": {
        "ee-first": "1.1.1"
      }
    },
    "optimist": {
      "version": "0.3.7",
      "resolved": "https://registry.npmjs.org/optimist/-/optimist-0.3.7.tgz",
      "integrity": "sha1-yQlBrVnkJzMokjB00s8ufLxuwNk=",
      "requires": {
        "wordwrap": "~0.0.2"
      }
    },
    "parseurl": {
      "version": "1.3.3",
      "resolved": "https://registry.npmjs.org/parseurl/-/parseurl-1.3.3.tgz",
      "integrity": "sha512-CiyeOxFT/JZyN5m0z9PfXw4SCBJ6Sygz1Dpl0wqjlhDEGGBP1GnsUVEL0p63hoG1fcj3fHynXi9NYO4nWOL+qQ=="
    },
    "path-parse": {
      "version": "1.0.7",
      "resolved": "https://registry.npmjs.org/path-parse/-/path-parse-1.0.7.tgz",
      "integrity": "sha512-LDJzPVEEEPR+y48z93A0Ed0yXb8pAByGWo/k5YYdYgpY2/2EsOsksJrq7lOHxryrVOn1ejG6oAp8ahvOIQD8sw=="
    },
    "path-to-regexp": {
      "version": "0.1.7",
      "resolved": "https://registry.npmjs.org/path-to-regexp/-/path-to-regexp-0.1.7.tgz",
      "integrity": "sha1-32BBeABfUi8V60SQ5yR6G/qmf4w="
    },
    "promise": {
      "version": "6.1.0",
      "resolved": "https://registry.npmjs.org/promise/-/promise-6.1.0.tgz",
      "integrity": "sha1-LOcp9rlLRcJoka0GAsXJDgTG7vY=",
      "requires": {
        "asap": "~1.0.0"
      }
    },
    "proxy-addr": {
      "version": "2.0.7",
      "resolved": "https://registry.npmjs.org/proxy-addr/-/proxy-addr-2.0.7.tgz",
      "integrity": "sha512-llQsMLSUDUPT44jdrU/O37qlnifitDP+ZwrmmZcoSKyLKvtZxpyV0n2/bD/N4tBAAZ/gJEdZU7KMraoK1+XYAg==",
      "requires": {
        "forwarded": "0.2.0",
        "ipaddr.js": "1.9.1"
      }
    },
    "pug": {
      "version": "3.0.2",
      "resolved": "https://registry.npmjs.org/pug/-/pug-3.0.2.tgz",
      "integrity": "sha512-bp0I/hiK1D1vChHh6EfDxtndHji55XP/ZJKwsRqrz6lRia6ZC2OZbdAymlxdVFwd1L70ebrVJw4/eZ79skrIaw==",
      "requires": {
        "pug-code-gen": "^3.0.2",
        "pug-filters": "^4.0.0",
        "pug-lexer": "^5.0.1",
        "pug-linker": "^4.0.0",
        "pug-load": "^3.0.0",
        "pug-parser": "^6.0.0",
        "pug-runtime": "^3.0.1",
        "pug-strip-comments": "^2.0.0"
      }
    },
    "pug-attrs": {
      "version": "3.0.0",
      "resolved": "https://registry.npmjs.org/pug-attrs/-/pug-attrs-3.0.0.tgz",
      "integrity": "sha512-azINV9dUtzPMFQktvTXciNAfAuVh/L/JCl0vtPCwvOA21uZrC08K/UnmrL+SXGEVc1FwzjW62+xw5S/uaLj6cA==",
      "requires": {
        "constantinople": "^4.0.1",
        "js-stringify": "^1.0.2",
        "pug-runtime": "^3.0.0"
      },
      "dependencies": {
        "constantinople": {
          "version": "4.0.1",
          "resolved": "https://registry.npmjs.org/constantinople/-/constantinople-4.0.1.tgz",
          "integrity": "sha512-vCrqcSIq4//Gx74TXXCGnHpulY1dskqLTFGDmhrGxzeXL8lF8kvXv6mpNWlJj1uD4DW23D4ljAqbY4RRaaUZIw==",
          "requires": {
            "@babel/parser": "^7.6.0",
            "@babel/types": "^7.6.1"
          }
        }
      }
    },
    "pug-code-gen": {
      "version": "3.0.2",
      "resolved": "https://registry.npmjs.org/pug-code-gen/-/pug-code-gen-3.0.2.tgz",
      "integrity": "sha512-nJMhW16MbiGRiyR4miDTQMRWDgKplnHyeLvioEJYbk1RsPI3FuA3saEP8uwnTb2nTJEKBU90NFVWJBk4OU5qyg==",
      "requires": {
        "constantinople": "^4.0.1",
        "doctypes": "^1.1.0",
        "js-stringify": "^1.0.2",
        "pug-attrs": "^3.0.0",
        "pug-error": "^2.0.0",
        "pug-runtime": "^3.0.0",
        "void-elements": "^3.1.0",
        "with": "^7.0.0"
      },
      "dependencies": {
        "constantinople": {
          "version": "4.0.1",
          "resolved": "https://registry.npmjs.org/constantinople/-/constantinople-4.0.1.tgz",
          "integrity": "sha512-vCrqcSIq4//Gx74TXXCGnHpulY1dskqLTFGDmhrGxzeXL8lF8kvXv6mpNWlJj1uD4DW23D4ljAqbY4RRaaUZIw==",
          "requires": {
            "@babel/parser": "^7.6.0",
            "@babel/types": "^7.6.1"
          }
        },
        "void-elements": {
          "version": "3.1.0",
          "resolved": "https://registry.npmjs.org/void-elements/-/void-elements-3.1.0.tgz",
          "integrity": "sha1-YU9/v42AHwu18GYfWy9XhXUOTwk="
        },
        "with": {
          "version": "7.0.2",
          "resolved": "https://registry.npmjs.org/with/-/with-7.0.2.tgz",
          "integrity": "sha512-RNGKj82nUPg3g5ygxkQl0R937xLyho1J24ItRCBTr/m1YnZkzJy1hUiHUJrc/VlsDQzsCnInEGSg3bci0Lmd4w==",
          "requires": {
            "@babel/parser": "^7.9.6",
            "@babel/types": "^7.9.6",
            "assert-never": "^1.2.1",
            "babel-walk": "3.0.0-canary-5"
          }
        }
      }
    },
    "pug-error": {
      "version": "2.0.0",
      "resolved": "https://registry.npmjs.org/pug-error/-/pug-error-2.0.0.tgz",
      "integrity": "sha512-sjiUsi9M4RAGHktC1drQfCr5C5eriu24Lfbt4s+7SykztEOwVZtbFk1RRq0tzLxcMxMYTBR+zMQaG07J/btayQ=="
    },
    "pug-filters": {
      "version": "4.0.0",
      "resolved": "https://registry.npmjs.org/pug-filters/-/pug-filters-4.0.0.tgz",
      "integrity": "sha512-yeNFtq5Yxmfz0f9z2rMXGw/8/4i1cCFecw/Q7+D0V2DdtII5UvqE12VaZ2AY7ri6o5RNXiweGH79OCq+2RQU4A==",
      "requires": {
        "constantinople": "^4.0.1",
        "jstransformer": "1.0.0",
        "pug-error": "^2.0.0",
        "pug-walk": "^2.0.0",
        "resolve": "^1.15.1"
      },
      "dependencies": {
        "asap": {
          "version": "2.0.6",
          "resolved": "https://registry.npmjs.org/asap/-/asap-2.0.6.tgz",
          "integrity": "sha1-5QNHYR1+aQlDIIu9r+vLwvuGbUY="
        },
        "constantinople": {
          "version": "4.0.1",
          "resolved": "https://registry.npmjs.org/constantinople/-/constantinople-4.0.1.tgz",
          "integrity": "sha512-vCrqcSIq4//Gx74TXXCGnHpulY1dskqLTFGDmhrGxzeXL8lF8kvXv6mpNWlJj1uD4DW23D4ljAqbY4RRaaUZIw==",
          "requires": {
            "@babel/parser": "^7.6.0",
            "@babel/types": "^7.6.1"
          }
        },
        "jstransformer": {
          "version": "1.0.0",
          "resolved": "https://registry.npmjs.org/jstransformer/-/jstransformer-1.0.0.tgz",
          "integrity": "sha1-7Yvwkh4vPx7U1cGkT2hwntJHIsM=",
          "requires": {
            "is-promise": "^2.0.0",
            "promise": "^7.0.1"
          }
        },
        "promise": {
          "version": "7.3.1",
          "resolved": "https://registry.npmjs.org/promise/-/promise-7.3.1.tgz",
          "integrity": "sha512-nolQXZ/4L+bP/UGlkfaIujX9BKxGwmQ9OT4mOt5yvy8iK1h3wqTEJCijzGANTCCl9nWjY41juyAn2K3Q1hLLTg==",
          "requires": {
            "asap": "~2.0.3"
          }
        }
      }
    },
    "pug-lexer": {
      "version": "5.0.1",
      "resolved": "https://registry.npmjs.org/pug-lexer/-/pug-lexer-5.0.1.tgz",
      "integrity": "sha512-0I6C62+keXlZPZkOJeVam9aBLVP2EnbeDw3An+k0/QlqdwH6rv8284nko14Na7c0TtqtogfWXcRoFE4O4Ff20w==",
      "requires": {
        "character-parser": "^2.2.0",
        "is-expression": "^4.0.0",
        "pug-error": "^2.0.0"
      },
      "dependencies": {
        "character-parser": {
          "version": "2.2.0",
          "resolved": "https://registry.npmjs.org/character-parser/-/character-parser-2.2.0.tgz",
          "integrity": "sha1-x84o821LzZdE5f/CxfzeHHMmH8A=",
          "requires": {
            "is-regex": "^1.0.3"
          }
        }
      }
    },
    "pug-linker": {
      "version": "4.0.0",
      "resolved": "https://registry.npmjs.org/pug-linker/-/pug-linker-4.0.0.tgz",
      "integrity": "sha512-gjD1yzp0yxbQqnzBAdlhbgoJL5qIFJw78juN1NpTLt/mfPJ5VgC4BvkoD3G23qKzJtIIXBbcCt6FioLSFLOHdw==",
      "requires": {
        "pug-error": "^2.0.0",
        "pug-walk": "^2.0.0"
      }
    },
    "pug-load": {
      "version": "3.0.0",
      "resolved": "https://registry.npmjs.org/pug-load/-/pug-load-3.0.0.tgz",
      "integrity": "sha512-OCjTEnhLWZBvS4zni/WUMjH2YSUosnsmjGBB1An7CsKQarYSWQ0GCVyd4eQPMFJqZ8w9xgs01QdiZXKVjk92EQ==",
      "requires": {
        "object-assign": "^4.1.1",
        "pug-walk": "^2.0.0"
      }
    },
    "pug-parser": {
      "version": "6.0.0",
      "resolved": "https://registry.npmjs.org/pug-parser/-/pug-parser-6.0.0.tgz",
      "integrity": "sha512-ukiYM/9cH6Cml+AOl5kETtM9NR3WulyVP2y4HOU45DyMim1IeP/OOiyEWRr6qk5I5klpsBnbuHpwKmTx6WURnw==",
      "requires": {
        "pug-error": "^2.0.0",
        "token-stream": "1.0.0"
      }
    },
    "pug-runtime": {
      "version": "3.0.1",
      "resolved": "https://registry.npmjs.org/pug-runtime/-/pug-runtime-3.0.1.tgz",
      "integrity": "sha512-L50zbvrQ35TkpHwv0G6aLSuueDRwc/97XdY8kL3tOT0FmhgG7UypU3VztfV/LATAvmUfYi4wNxSajhSAeNN+Kg=="
    },
    "pug-strip-comments": {
      "version": "2.0.0",
      "resolved": "https://registry.npmjs.org/pug-strip-comments/-/pug-strip-comments-2.0.0.tgz",
      "integrity": "sha512-zo8DsDpH7eTkPHCXFeAk1xZXJbyoTfdPlNR0bK7rpOMuhBYb0f5qUVCO1xlsitYd3w5FQTK7zpNVKb3rZoUrrQ==",
      "requires": {
        "pug-error": "^2.0.0"
      }
    },
    "pug-walk": {
      "version": "2.0.0",
      "resolved": "https://registry.npmjs.org/pug-walk/-/pug-walk-2.0.0.tgz",
      "integrity": "sha512-yYELe9Q5q9IQhuvqsZNwA5hfPkMJ8u92bQLIMcsMxf/VADjNtEYptU+inlufAFYcWdHlwNfZOEnOOQrZrcyJCQ=="
    },
    "qs": {
      "version": "6.5.2",
      "resolved": "https://registry.npmjs.org/qs/-/qs-6.5.2.tgz",
      "integrity": "sha512-N5ZAX4/LxJmF+7wN74pUD6qAh9/wnvdQcjq9TZjevvXzSUo7bfmw91saqMjzGS2xq91/odN2dW/WOl7qQHNDGA=="
    },
    "range-parser": {
      "version": "1.2.1",
      "resolved": "https://registry.npmjs.org/range-parser/-/range-parser-1.2.1.tgz",
      "integrity": "sha512-Hrgsx+orqoygnmhFbKaHE6c296J+HTAQXoxEF6gNupROmmGJRoyzfG3ccAveqCBrwr/2yxQ5BVd/GTl5agOwSg=="
    },
    "raw-body": {
      "version": "2.3.3",
      "resolved": "https://registry.npmjs.org/raw-body/-/raw-body-2.3.3.tgz",
      "integrity": "sha512-9esiElv1BrZoI3rCDuOuKCBRbuApGGaDPQfjSflGxdy4oyzqghxu6klEkkVIvBje+FF0BX9coEv8KqW6X/7njw==",
      "requires": {
        "bytes": "3.0.0",
        "http-errors": "1.6.3",
        "iconv-lite": "0.4.23",
        "unpipe": "1.0.0"
      }
    },
    "repeat-string": {
      "version": "1.6.1",
      "resolved": "https://registry.npmjs.org/repeat-string/-/repeat-string-1.6.1.tgz",
      "integrity": "sha1-jcrkcOHIirwtYA//Sndihtp15jc="
    },
    "resolve": {
      "version": "1.20.0",
      "resolved": "https://registry.npmjs.org/resolve/-/resolve-1.20.0.tgz",
      "integrity": "sha512-wENBPt4ySzg4ybFQW2TT1zMQucPK95HSh/nq2CFTZVOGut2+pQvSsgtda4d26YrYcr067wjbmzOG8byDPBX63A==",
      "requires": {
        "is-core-module": "^2.2.0",
        "path-parse": "^1.0.6"
      }
    },
    "right-align": {
      "version": "0.1.3",
      "resolved": "https://registry.npmjs.org/right-align/-/right-align-0.1.3.tgz",
      "integrity": "sha1-YTObci/mo1FWiSENJOFMlhSGE+8=",
      "requires": {
        "align-text": "^0.1.1"
      }
    },
    "safe-buffer": {
      "version": "5.1.2",
      "resolved": "https://registry.npmjs.org/safe-buffer/-/safe-buffer-5.1.2.tgz",
      "integrity": "sha512-Gd2UZBJDkXlY7GbJxfsE8/nvKkUEU1G38c1siN6QP6a9PT9MmHB8GnpscSmMJSoF8LOIrt8ud/wPtojys4G6+g=="
    },
    "safer-buffer": {
      "version": "2.1.2",
      "resolved": "https://registry.npmjs.org/safer-buffer/-/safer-buffer-2.1.2.tgz",
      "integrity": "sha512-YZo3K82SD7Riyi0E1EQPojLz7kpepnSQI9IyPbHHg1XXXevb5dJI7tpyN2ADxGcQbHG7vcyRHk0cbwqcQriUtg=="
    },
    "send": {
      "version": "0.16.2",
      "resolved": "https://registry.npmjs.org/send/-/send-0.16.2.tgz",
      "integrity": "sha512-E64YFPUssFHEFBvpbbjr44NCLtI1AohxQ8ZSiJjQLskAdKuriYEP6VyGEsRDH8ScozGpkaX1BGvhanqCwkcEZw==",
      "requires": {
        "debug": "2.6.9",
        "depd": "~1.1.2",
        "destroy": "~1.0.4",
        "encodeurl": "~1.0.2",
        "escape-html": "~1.0.3",
        "etag": "~1.8.1",
        "fresh": "0.5.2",
        "http-errors": "~1.6.2",
        "mime": "1.4.1",
        "ms": "2.0.0",
        "on-finished": "~2.3.0",
        "range-parser": "~1.2.0",
        "statuses": "~1.4.0"
      }
    },
    "serve-static": {
      "version": "1.13.2",
      "resolved": "https://registry.npmjs.org/serve-static/-/serve-static-1.13.2.tgz",
      "integrity": "sha512-p/tdJrO4U387R9oMjb1oj7qSMaMfmOyd4j9hOFoxZe2baQszgHcSWjuya/CiT5kgZZKRudHNOA0pYXOl8rQ5nw==",
      "requires": {
        "encodeurl": "~1.0.2",
        "escape-html": "~1.0.3",
        "parseurl": "~1.3.2",
        "send": "0.16.2"
      }
    },
    "setprototypeof": {
      "version": "1.1.0",
      "resolved": "https://registry.npmjs.org/setprototypeof/-/setprototypeof-1.1.0.tgz",
      "integrity": "sha512-BvE/TwpZX4FXExxOxZyRGQQv651MSwmWKZGqvmPcRIjDqWub67kTKuIMx43cZZrS/cBBzwBcNDWoFxt2XEFIpQ=="
    },
    "source-map": {
      "version": "0.4.4",
      "resolved": "https://registry.npmjs.org/source-map/-/source-map-0.4.4.tgz",
      "integrity": "sha1-66T12pwNyZneaAMti092FzZSA2s=",
      "requires": {
        "amdefine": ">=0.0.4"
      }
    },
    "statuses": {
      "version": "1.4.0",
      "resolved": "https://registry.npmjs.org/statuses/-/statuses-1.4.0.tgz",
      "integrity": "sha512-zhSCtt8v2NDrRlPQpCNtw/heZLtfUDqxBM1udqikb/Hbk52LK4nQSwr10u77iopCW5LsyHpuXS0GnEc48mLeew=="
    },
    "to-fast-properties": {
      "version": "2.0.0",
      "resolved": "https://registry.npmjs.org/to-fast-properties/-/to-fast-properties-2.0.0.tgz",
      "integrity": "sha1-3F5pjL0HkmW8c+A3doGk5Og/YW4="
    },
    "token-stream": {
      "version": "1.0.0",
      "resolved": "https://registry.npmjs.org/token-stream/-/token-stream-1.0.0.tgz",
      "integrity": "sha1-zCAOqyYT9BZtJ/+a/HylbUnfbrQ="
    },
    "transformers": {
      "version": "2.1.0",
      "resolved": "https://registry.npmjs.org/transformers/-/transformers-2.1.0.tgz",
      "integrity": "sha1-XSPLNVYd2F3Gf7hIIwm0fVPM6ac=",
      "requires": {
        "css": "~1.0.8",
        "promise": "~2.0",
        "uglify-js": "~2.2.5"
      },
      "dependencies": {
        "is-promise": {
          "version": "1.0.1",
          "resolved": "https://registry.npmjs.org/is-promise/-/is-promise-1.0.1.tgz",
          "integrity": "sha1-MVc3YcBX4zwukaq56W2gjO++duU="
        },
        "promise": {
          "version": "2.0.0",
          "resolved": "https://registry.npmjs.org/promise/-/promise-2.0.0.tgz",
          "integrity": "sha1-RmSKqdYFr10ucMMCS/WUNtoCuA4=",
          "requires": {
            "is-promise": "~1"
          }
        },
        "source-map": {
          "version": "0.1.43",
          "resolved": "https://registry.npmjs.org/source-map/-/source-map-0.1.43.tgz",
          "integrity": "sha1-wkvBRspRfBRx9drL4lcbK3+eM0Y=",
          "requires": {
            "amdefine": ">=0.0.4"
          }
        },
        "uglify-js": {
          "version": "2.2.5",
          "resolved": "https://registry.npmjs.org/uglify-js/-/uglify-js-2.2.5.tgz",
          "integrity": "sha1-puAqcNg5eSuXgEiLe4sYTAlcmcc=",
          "requires": {
            "optimist": "~0.3.5",
            "source-map": "~0.1.7"
          }
        }
      }
    },
    "type-is": {
      "version": "1.6.18",
      "resolved": "https://registry.npmjs.org/type-is/-/type-is-1.6.18.tgz",
      "integrity": "sha512-TkRKr9sUTxEH8MdfuCSP7VizJyzRNMjj2J2do2Jr3Kym598JVdEksuzPQCnlFPW4ky9Q+iA+ma9BGm06XQBy8g==",
      "requires": {
        "media-typer": "0.3.0",
        "mime-types": "~2.1.24"
      }
    },
    "typingdna-verify-client": {
      "version": "1.0.1",
      "resolved": "https://registry.npmjs.org/typingdna-verify-client/-/typingdna-verify-client-1.0.1.tgz",
      "integrity": "sha512-IadALgYIov81b4ViYPTmioivRAJsroqR8spMHJV9riERG+5dcmVL1lcZs+rVcELqZ5mp3B21V3tUHKa7oZsVJw=="
    },
    "uglify-js": {
      "version": "2.8.29",
      "resolved": "https://registry.npmjs.org/uglify-js/-/uglify-js-2.8.29.tgz",
      "integrity": "sha1-KcVzMUgFe7Th913zW3qcty5qWd0=",
      "requires": {
        "source-map": "~0.5.1",
        "uglify-to-browserify": "~1.0.0",
        "yargs": "~3.10.0"
      },
      "dependencies": {
        "source-map": {
          "version": "0.5.7",
          "resolved": "https://registry.npmjs.org/source-map/-/source-map-0.5.7.tgz",
          "integrity": "sha1-igOdLRAh0i0eoUyA2OpGi6LvP8w="
        }
      }
    },
    "uglify-to-browserify": {
      "version": "1.0.2",
      "resolved": "https://registry.npmjs.org/uglify-to-browserify/-/uglify-to-browserify-1.0.2.tgz",
      "integrity": "sha1-bgkk1r2mta/jSeOabWMoUKD4grc=",
      "optional": true
    },
    "unpipe": {
      "version": "1.0.0",
      "resolved": "https://registry.npmjs.org/unpipe/-/unpipe-1.0.0.tgz",
      "integrity": "sha1-sr9O6FFKrmFltIF4KdIbLvSZBOw="
    },
    "utils-merge": {
      "version": "1.0.1",
      "resolved": "https://registry.npmjs.org/utils-merge/-/utils-merge-1.0.1.tgz",
      "integrity": "sha1-n5VxD1CiZ5R7LMwSR0HBAoQn5xM="
    },
    "vary": {
      "version": "1.1.2",
      "resolved": "https://registry.npmjs.org/vary/-/vary-1.1.2.tgz",
      "integrity": "sha1-IpnwLG3tMNSllhsLn3RSShj2NPw="
    },
    "void-elements": {
      "version": "2.0.1",
      "resolved": "https://registry.npmjs.org/void-elements/-/void-elements-2.0.1.tgz",
      "integrity": "sha1-wGavtYK7HLQSjWDqkjkulNXp2+w="
    },
    "window-size": {
      "version": "0.1.0",
      "resolved": "https://registry.npmjs.org/window-size/-/window-size-0.1.0.tgz",
      "integrity": "sha1-VDjNLqk7IC76Ohn+iIeu58lPnJ0="
    },
    "with": {
      "version": "4.0.3",
      "resolved": "https://registry.npmjs.org/with/-/with-4.0.3.tgz",
      "integrity": "sha1-7v0VTp550sjTQXtkeo8U2f7M4U4=",
      "requires": {
        "acorn": "^1.0.1",
        "acorn-globals": "^1.0.3"
      },
      "dependencies": {
        "acorn": {
          "version": "1.2.2",
          "resolved": "https://registry.npmjs.org/acorn/-/acorn-1.2.2.tgz",
          "integrity": "sha1-yM4n3grMdtiW0rH6099YjZ6C8BQ="
        }
      }
    },
    "wordwrap": {
      "version": "0.0.3",
      "resolved": "https://registry.npmjs.org/wordwrap/-/wordwrap-0.0.3.tgz",
      "integrity": "sha1-o9XabNXAvAAI03I0u68b7WMFkQc="
    },
    "yargs": {
      "version": "3.10.0",
      "resolved": "https://registry.npmjs.org/yargs/-/yargs-3.10.0.tgz",
      "integrity": "sha1-9+572FfdfB0tOMDnTvvWgdFDH9E=",
      "requires": {
        "camelcase": "^1.0.2",
        "cliui": "^2.1.0",
        "decamelize": "^1.0.0",
        "window-size": "0.1.0"
      }
    }
  }
}
